{
  "name": "test-issue",
  "version": "1.0.0",
  "lockfileVersion": 2,
  "requires": true,
  "packages": {
    "": {
      "name": "test-issue",
      "version": "1.0.0",
      "license": "MIT",
      "devDependencies": {},
      "engines": {
        "node": "^14.17.0 || >=16.10.0",
        "npm": "^7",
        "yarn": "Please use npm instead of yarn to install dependencies"
      }
    }
  }
}
